
Microsoft Visual Studio Solution File, Format Version 12.00
# Visual Studio Version 16
VisualStudioVersion = 16.0.29009.5
MinimumVisualStudioVersion = 10.0.40219.1
Project("{FAE04EC0-301F-11D3-BF4B-00C04F79EFBC}") = "SumaConBinding.Android", "SumaConBinding.Android\SumaConBinding.Android.csproj", "{32F23BE8-4C5E-495D-8AC1-E0D692A75C68}"
EndProject
Project("{FAE04EC0-301F-11D3-BF4B-00C04F79EFBC}") = "SumaConBinding", "SumaConBinding\SumaConBinding.csproj", "{747B7F8F-D5DC-4985-BC07-5E513FB850D7}"
EndProject
Global
	GlobalSection(SolutionConfigurationPlatforms) = preSolution
		Debug|Any CPU = Debug|Any CPU
		Release|Any CPU = Release|Any CPU
	EndGlobalSection
	GlobalSection(ProjectConfigurationPlatforms) = postSolution
		{32F23BE8-4C5E-495D-8AC1-E0D692A75C68}.Debug|Any CPU.ActiveCfg = Debug|Any CPU
		{32F23BE8-4C5E-495D-8AC1-E0D692A75C68}.Debug|Any CPU.Build.0 = Debug|Any CPU
		{32F23BE8-4C5E-495D-8AC1-E0D692A75C68}.Debug|Any CPU.Deploy.0 = Debug|Any CPU
		{32F23BE8-4C5E-495D-8AC1-E0D692A75C68}.Release|Any CPU.ActiveCfg = Release|Any CPU
		{32F23BE8-4C5E-495D-8AC1-E0D692A75C68}.Release|Any CPU.Build.0 = Release|Any CPU
		{32F23BE8-4C5E-495D-8AC1-E0D692A75C68}.Release|Any CPU.Deploy.0 = Release|Any CPU
		{747B7F8F-D5DC-4985-BC07-5E513FB850D7}.Debug|Any CPU.ActiveCfg = Debug|Any CPU
		{747B7F8F-D5DC-4985-BC07-5E513FB850D7}.Debug|Any CPU.Build.0 = Debug|Any CPU
		{747B7F8F-D5DC-4985-BC07-5E513FB850D7}.Debug|Any CPU.Deploy.0 = Debug|Any CPU
		{747B7F8F-D5DC-4985-BC07-5E513FB850D7}.Release|Any CPU.ActiveCfg = Release|Any CPU
		{747B7F8F-D5DC-4985-BC07-5E513FB850D7}.Release|Any CPU.Build.0 = Release|Any CPU
		{747B7F8F-D5DC-4985-BC07-5E513FB850D7}.Release|Any CPU.Deploy.0 = Release|Any CPU
	EndGlobalSection
	GlobalSection(SolutionProperties) = preSolution
		HideSolutionNode = FALSE
	EndGlobalSection
	GlobalSection(ExtensibilityGlobals) = postSolution
		SolutionGuid = {F7399B78-7431-4985-8143-56E5E7A11B15}
	EndGlobalSection
EndGlobal
